schema-version = 1

[sdk]
name = "bottlerocket-sdk"
version = "0.50.1"
vendor = "bottlerocket"
source = "public.ecr.aws/bottlerocket/bottlerocket-sdk:v0.50.1"
digest = "HEh3Lx3F6P4OEPnFubF++RMpMW2vlfp/Tc/tGjnBRcM="

[[kit]]
name = "bottlerocket-kernel-kit"
version = "1.1.0"
vendor = "bottlerocket"
source = "public.ecr.aws/bottlerocket/bottlerocket-kernel-kit:v1.1.0"
digest = "Q0viZGpocSexhrmk2/RqcnBGMfRwXD+51QhwotIkzaE="

[[kit]]
name = "bottlerocket-core-kit"
version = "6.0.0"
vendor = "bottlerocket"
source = "public.ecr.aws/bottlerocket/bottlerocket-core-kit:v6.0.0"
digest = "B9i0/BFgLBcwspou8owslnxdLNo+NW0MlhMtdjDQ6Sw="
