schema-version = 1

[sdk]
name = "bottlerocket-sdk"
version = "0.50.1"
vendor = "bottlerocket"
source = "public.ecr.aws/bottlerocket/bottlerocket-sdk:v0.50.1"
digest = "HEh3Lx3F6P4OEPnFubF++RMpMW2vlfp/Tc/tGjnBRcM="

[[kit]]
name = "bottlerocket-kernel-kit"
version = "1.0.7"
vendor = "bottlerocket"
source = "public.ecr.aws/bottlerocket/bottlerocket-kernel-kit:v1.0.7"
digest = "Udzg2vlr0jMStDYM9LDFBpx4CWeaKJRMcORLSdsNLWM="

[[kit]]
name = "bottlerocket-core-kit"
version = "5.4.2"
vendor = "bottlerocket"
source = "public.ecr.aws/bottlerocket/bottlerocket-core-kit:v5.4.2"
digest = "08DMHssgSYSdDW2RPw8Oxy+8/jsNA76sCRW0kJG8XNE="
